{
  "name": "ch-folio-authoritative-node",
  "version": "0.1.0",
  "lockfileVersion": 3,
  "requires": true,
  "packages": {
    "": {
      "name": "ch-folio-authoritative-node",
      "version": "0.1.0",
      "dependencies": {
        "@ch-folio/authoritative-physics": "file:../packages/authoritative-physics",
        "@dimforge/rapier3d": "file:./rapier3d-node",
        "ws": "8.21.1"
      },
      "engines": {
        "node": ">=24"
      }
    },
    "../packages/authoritative-physics": {
      "name": "@ch-folio/authoritative-physics",
      "version": "0.0.0"
    },
    "node_modules/@ch-folio/authoritative-physics": {
      "resolved": "../packages/authoritative-physics",
      "link": true
    },
    "node_modules/@dimforge/rapier3d": {
      "resolved": "rapier3d-node",
      "link": true
    },
    "node_modules/@dimforge/rapier3d-deterministic": {
      "version": "0.17.3",
      "resolved": "https://registry.npmjs.org/@dimforge/rapier3d-deterministic/-/rapier3d-deterministic-0.17.3.tgz",
      "integrity": "sha512-QyuuUHmQNf5T8A3we7r/EplcF3jclWtBS0PvBQEtV+KGXs0OxtFelvGQFSWZq/jWbHn8IXvMR8lpVfWEa6LNaw==",
      "license": "Apache-2.0"
    },
    "node_modules/ws": {
      "version": "8.21.1",
      "resolved": "https://registry.npmjs.org/ws/-/ws-8.21.1.tgz",
      "integrity": "sha512-+0NTnW77fFN/DjQi6k/Sq/Yvk4Sgajw7urW8V+asjXnRgDs9gyGkdb7EzgfhA4goXsRIZKE28fzIXBHEzhuiWw==",
      "license": "MIT",
      "engines": {
        "node": ">=10.0.0"
      },
      "peerDependencies": {
        "bufferutil": "^4.0.1",
        "utf-8-validate": ">=5.0.2"
      },
      "peerDependenciesMeta": {
        "bufferutil": {
          "optional": true
        },
        "utf-8-validate": {
          "optional": true
        }
      }
    },
    "rapier3d-node": {
      "name": "@dimforge/rapier3d",
      "version": "0.17.3-node.0",
      "dependencies": {
        "@dimforge/rapier3d-deterministic": "0.17.3"
      }
    }
  }
}
